
Microsoft Visual Studio Solution File, Format Version 12.00
# Visual Studio Version 17
VisualStudioVersion = 17.5.002.0
MinimumVisualStudioVersion = 10.0.40219.1
Project("{9A19103F-16F7-4668-BE54-9A1E7A4F7556}") = "Dota2Helper.Desktop", "Dota2Helper.Desktop.csproj", "{34DD609B-B62C-4879-8789-5EF223813BDE}"
EndProject
Global
	GlobalSection(SolutionConfigurationPlatforms) = preSolution
		Debug|Any CPU = Debug|Any CPU
		Release|Any CPU = Release|Any CPU
	EndGlobalSection
	GlobalSection(ProjectConfigurationPlatforms) = postSolution
		{34DD609B-B62C-4879-8789-5EF223813BDE}.Debug|Any CPU.ActiveCfg = Debug|Any CPU
		{34DD609B-B62C-4879-8789-5EF223813BDE}.Debug|Any CPU.Build.0 = Debug|Any CPU
		{34DD609B-B62C-4879-8789-5EF223813BDE}.Release|Any CPU.ActiveCfg = Release|Any CPU
		{34DD609B-B62C-4879-8789-5EF223813BDE}.Release|Any CPU.Build.0 = Release|Any CPU
	EndGlobalSection
	GlobalSection(SolutionProperties) = preSolution
		HideSolutionNode = FALSE
	EndGlobalSection
	GlobalSection(ExtensibilityGlobals) = postSolution
		SolutionGuid = {493CB201-3B08-4BBD-ABC5-47CF1EE3ACD5}
	EndGlobalSection
EndGlobal
