
Microsoft Visual Studio Solution File, Format Version 12.00
Project("{FAE04EC0-301F-11D3-BF4B-00C04F79EFBC}") = "Dota2Helper", "Dota2Helper\Dota2Helper.csproj", "{C8DC9729-2B3D-942F-D433-7DFCC693BE70}"
EndProject
Project("{FAE04EC0-301F-11D3-BF4B-00C04F79EFBC}") = "Dota2Helper.Desktop", "Dota2Helper.Desktop\Dota2Helper.Desktop.csproj", "{D7580C62-3395-9E02-34BD-DDAA7DA49647}"
EndProject
Project("{FAE04EC0-301F-11D3-BF4B-00C04F79EFBC}") = "Dota2Helper.Tests", "Dota2Helper.Tests\Dota2Helper.Tests.csproj", "{F92ADE4B-E249-4032-3578-8AC3D768D5E4}"
EndProject
Global
	GlobalSection(SolutionConfigurationPlatforms) = preSolution
		Debug|Any CPU = Debug|Any CPU
		Release|Any CPU = Release|Any CPU
	EndGlobalSection
	GlobalSection(ProjectConfigurationPlatforms) = postSolution
		{C8DC9729-2B3D-942F-D433-7DFCC693BE70}.Debug|Any CPU.ActiveCfg = Debug|Any CPU
		{C8DC9729-2B3D-942F-D433-7DFCC693BE70}.Debug|Any CPU.Build.0 = Debug|Any CPU
		{C8DC9729-2B3D-942F-D433-7DFCC693BE70}.Release|Any CPU.ActiveCfg = Release|Any CPU
		{C8DC9729-2B3D-942F-D433-7DFCC693BE70}.Release|Any CPU.Build.0 = Release|Any CPU
		{D7580C62-3395-9E02-34BD-DDAA7DA49647}.Debug|Any CPU.ActiveCfg = Debug|Any CPU
		{D7580C62-3395-9E02-34BD-DDAA7DA49647}.Debug|Any CPU.Build.0 = Debug|Any CPU
		{D7580C62-3395-9E02-34BD-DDAA7DA49647}.Release|Any CPU.ActiveCfg = Release|Any CPU
		{D7580C62-3395-9E02-34BD-DDAA7DA49647}.Release|Any CPU.Build.0 = Release|Any CPU
		{F92ADE4B-E249-4032-3578-8AC3D768D5E4}.Debug|Any CPU.ActiveCfg = Debug|Any CPU
		{F92ADE4B-E249-4032-3578-8AC3D768D5E4}.Debug|Any CPU.Build.0 = Debug|Any CPU
		{F92ADE4B-E249-4032-3578-8AC3D768D5E4}.Release|Any CPU.ActiveCfg = Release|Any CPU
		{F92ADE4B-E249-4032-3578-8AC3D768D5E4}.Release|Any CPU.Build.0 = Release|Any CPU
	EndGlobalSection
EndGlobal
