
Microsoft Visual Studio Solution File, Format Version 12.00
Project("{FAE04EC0-301F-11D3-BF4B-00C04F79EFBC}") = "Dota2Helper", "Dota2Helper\Dota2Helper\Dota2Helper.csproj", "{8CE772F4-66F6-4B74-9AB6-A7AFAC3DD255}"
EndProject
Project("{FAE04EC0-301F-11D3-BF4B-00C04F79EFBC}") = "Dota2Helper.Desktop", "Dota2Helper\Dota2Helper.Desktop\Dota2Helper.Desktop.csproj", "{C7BC1569-929B-4439-9ED7-ECF0D36AC38F}"
EndProject
Project("{FAE04EC0-301F-11D3-BF4B-00C04F79EFBC}") = "Dota2Helper.Tests", "Dota2Helper\Dota2Helper.Tests\Dota2Helper.Tests.csproj", "{1E9A5972-6269-417E-8F62-F2D037553A73}"
EndProject
Global
	GlobalSection(SolutionConfigurationPlatforms) = preSolution
		Debug|Any CPU = Debug|Any CPU
		Release|Any CPU = Release|Any CPU
	EndGlobalSection
	GlobalSection(ProjectConfigurationPlatforms) = postSolution
		{8CE772F4-66F6-4B74-9AB6-A7AFAC3DD255}.Debug|Any CPU.ActiveCfg = Debug|Any CPU
		{8CE772F4-66F6-4B74-9AB6-A7AFAC3DD255}.Debug|Any CPU.Build.0 = Debug|Any CPU
		{8CE772F4-66F6-4B74-9AB6-A7AFAC3DD255}.Release|Any CPU.ActiveCfg = Release|Any CPU
		{8CE772F4-66F6-4B74-9AB6-A7AFAC3DD255}.Release|Any CPU.Build.0 = Release|Any CPU
		{C7BC1569-929B-4439-9ED7-ECF0D36AC38F}.Debug|Any CPU.ActiveCfg = Debug|Any CPU
		{C7BC1569-929B-4439-9ED7-ECF0D36AC38F}.Debug|Any CPU.Build.0 = Debug|Any CPU
		{C7BC1569-929B-4439-9ED7-ECF0D36AC38F}.Release|Any CPU.ActiveCfg = Release|Any CPU
		{C7BC1569-929B-4439-9ED7-ECF0D36AC38F}.Release|Any CPU.Build.0 = Release|Any CPU
		{1E9A5972-6269-417E-8F62-F2D037553A73}.Debug|Any CPU.ActiveCfg = Debug|Any CPU
		{1E9A5972-6269-417E-8F62-F2D037553A73}.Debug|Any CPU.Build.0 = Debug|Any CPU
		{1E9A5972-6269-417E-8F62-F2D037553A73}.Release|Any CPU.ActiveCfg = Release|Any CPU
		{1E9A5972-6269-417E-8F62-F2D037553A73}.Release|Any CPU.Build.0 = Release|Any CPU
	EndGlobalSection
EndGlobal
